
Microsoft Visual Studio Solution File, Format Version 12.00
# Visual Studio Version 17
VisualStudioVersion = 17.3.32825.248
MinimumVisualStudioVersion = 10.0.40219.1
Project("{F184B08F-C81C-45F6-A57F-5ABD9991F28F}") = "Using Case-Insensitive String Comparisons", "Using Case-Insensitive String Comparisons\Using Case-Insensitive String Comparisons.vbproj", "{FFC3F5EE-39DF-498D-818D-238A6D3275A8}"
EndProject
Global
	GlobalSection(SolutionConfigurationPlatforms) = preSolution
		Debug|Any CPU = Debug|Any CPU
		Release|Any CPU = Release|Any CPU
	EndGlobalSection
	GlobalSection(ProjectConfigurationPlatforms) = postSolution
		{FFC3F5EE-39DF-498D-818D-238A6D3275A8}.Debug|Any CPU.ActiveCfg = Debug|Any CPU
		{FFC3F5EE-39DF-498D-818D-238A6D3275A8}.Debug|Any CPU.Build.0 = Debug|Any CPU
		{FFC3F5EE-39DF-498D-818D-238A6D3275A8}.Release|Any CPU.ActiveCfg = Release|Any CPU
		{FFC3F5EE-39DF-498D-818D-238A6D3275A8}.Release|Any CPU.Build.0 = Release|Any CPU
	EndGlobalSection
	GlobalSection(SolutionProperties) = preSolution
		HideSolutionNode = FALSE
	EndGlobalSection
	GlobalSection(ExtensibilityGlobals) = postSolution
		SolutionGuid = {C669DB5E-D3EE-4C39-8CA8-702F510A0269}
	EndGlobalSection
EndGlobal
