
Microsoft Visual Studio Solution File, Format Version 12.00
# Visual Studio Version 17
VisualStudioVersion = 17.3.32825.248
MinimumVisualStudioVersion = 10.0.40219.1
Project("{F184B08F-C81C-45F6-A57F-5ABD9991F28F}") = "Using Case Else", "Using Case Else\Using Case Else.vbproj", "{F2BB8C0D-5915-41E8-BB3F-9FD15246D403}"
EndProject
Global
	GlobalSection(SolutionConfigurationPlatforms) = preSolution
		Debug|Any CPU = Debug|Any CPU
		Release|Any CPU = Release|Any CPU
	EndGlobalSection
	GlobalSection(ProjectConfigurationPlatforms) = postSolution
		{F2BB8C0D-5915-41E8-BB3F-9FD15246D403}.Debug|Any CPU.ActiveCfg = Debug|Any CPU
		{F2BB8C0D-5915-41E8-BB3F-9FD15246D403}.Debug|Any CPU.Build.0 = Debug|Any CPU
		{F2BB8C0D-5915-41E8-BB3F-9FD15246D403}.Release|Any CPU.ActiveCfg = Release|Any CPU
		{F2BB8C0D-5915-41E8-BB3F-9FD15246D403}.Release|Any CPU.Build.0 = Release|Any CPU
	EndGlobalSection
	GlobalSection(SolutionProperties) = preSolution
		HideSolutionNode = FALSE
	EndGlobalSection
	GlobalSection(ExtensibilityGlobals) = postSolution
		SolutionGuid = {14DE1122-33E9-4A33-AAD0-5AC5AE138A5E}
	EndGlobalSection
EndGlobal
